GEM
  remote: https://rubygems.org/
  specs:
    Ascii85 (2.0.1)
    activesupport (8.1.2)
      base64
      bigdecimal
      concurrent-ruby (~> 1.0, >= 1.3.1)
      connection_pool (>= 2.2.5)
      drb
      i18n (>= 1.6, < 2)
      json
      logger (>= 1.4.2)
      minitest (>= 5.1)
      securerandom (>= 0.3)
      tzinfo (~> 2.0, >= 2.0.5)
      uri (>= 0.13.1)
    addressable (2.8.8)
      public_suffix (>= 2.0.2, < 8.0)
    afm (1.0.0)
    algolia_html_extractor (2.6.4)
      json (~> 2.0)
      nokogiri (~> 1.10)
    algoliasearch (1.27.5)
      httpclient (~> 2.8, >= 2.8.3)
      json (>= 1.5.1)
    async (2.35.1)
      console (~> 1.29)
      fiber-annotation
      io-event (~> 1.11)
      metrics (~> 0.12)
      traces (~> 0.18)
    base64 (0.3.0)
    benchmark (0.5.0)
    bigdecimal (3.3.1)
    colorator (1.1.0)
    concurrent-ruby (1.3.6)
    connection_pool (3.0.2)
    console (1.34.2)
      fiber-annotation
      fiber-local (~> 1.1)
      json
    cssminify2 (2.1.0)
    csv (3.3.5)
    digest (3.2.1)
    drb (2.2.3)
    em-websocket (0.5.3)
      eventmachine (>= 0.12.9)
      http_parser.rb (~> 0)
    ethon (0.18.0)
      ffi (>= 1.15.0)
      logger
    eventmachine (1.2.7)
    execjs (2.10.0)
    faraday (2.14.0)
      faraday-net_http (>= 2.0, < 3.5)
      json
      logger
    faraday-net_http (3.4.2)
      net-http (~> 0.5)
    faraday-retry (2.4.0)
      faraday (~> 2.0)
    feedparser (2.2.1)
      logutils (>= 0.6.1)
      textutils (>= 1.0.0)
    ffi (1.17.3)
    fiber-annotation (0.2.0)
    fiber-local (1.1.0)
      fiber-storage
    fiber-storage (1.0.1)
    filesize (0.2.0)
    forwardable-extended (2.6.0)
    git (4.3.0)
      activesupport (>= 5.0)
      addressable (~> 2.8)
      process_executer (~> 4.0)
      rchardet (~> 1.9)
    google-protobuf (4.32.0)
      bigdecimal
      rake (>= 13)
    hashery (2.1.2)
    html-proofer (5.2.0)
      addressable (~> 2.3)
      async (~> 2.1)
      benchmark (~> 0.5)
      nokogiri (~> 1.13)
      pdf-reader (~> 2.11)
      rainbow (~> 3.0)
      typhoeus (~> 1.3)
      yell (~> 2.0)
      zeitwerk (~> 2.5)
    htmlcompressor (0.4.0)
    http_parser.rb (0.8.0)
    httparty (0.22.0)
      csv
      mini_mime (>= 1.0.0)
      multi_xml (>= 0.5.2)
    httpclient (2.8.3)
    i18n (1.14.8)
      concurrent-ruby (~> 1.0)
    icalendar (2.12.1)
      base64
      ice_cube (~> 0.16)
      logger
      ostruct
    ice_cube (0.17.0)
    iniparser (1.0.1)
    io-event (1.11.2)
    jekyll (4.4.1)
      addressable (~> 2.4)
      base64 (~> 0.2)
      colorator (~> 1.0)
      csv (~> 3.0)
      em-websocket (~> 0.5)
      i18n (~> 1.0)
      jekyll-sass-converter (>= 2.0, < 4.0)
      jekyll-watch (~> 2.0)
      json (~> 2.6)
      kramdown (~> 2.3, >= 2.3.1)
      kramdown-parser-gfm (~> 1.0)
      liquid (~> 4.0)
      mercenary (~> 0.3, >= 0.3.6)
      pathutil (~> 0.9)
      rouge (>= 3.0, < 5.0)
      safe_yaml (~> 1.0)
      terminal-table (>= 1.8, < 4.0)
      webrick (~> 1.7)
    jekyll-ai-related (0.2.0)
      httparty (~> 0.22.0)
      jekyll (>= 3.7, < 5.0)
      json (~> 2.7)
    jekyll-algolia (1.7.1)
      algolia_html_extractor (~> 2.6)
      algoliasearch (~> 1.26)
      filesize (~> 0.1)
      jekyll (>= 3.6, < 5.0)
      json (~> 2.0)
      nokogiri (~> 1.6)
      progressbar (~> 1.9)
      verbal_expressions (~> 0.1.5)
    jekyll-archives (2.3.0)
      jekyll (>= 3.6, < 5.0)
    jekyll-environment-variables (1.0.1)
      jekyll (>= 3.0, < 5.x)
    jekyll-feed (0.17.0)
      jekyll (>= 3.7, < 5.0)
    jekyll-gist (1.5.0)
      octokit (~> 4.2)
    jekyll-listme (0.4.1)
      json (~> 2.7)
    jekyll-mermaid (1.0.0)
    jekyll-minifier (0.2.2)
      cssminify2 (~> 2.1.0)
      htmlcompressor (~> 0.4)
      jekyll (~> 4.0)
      json-minify (~> 0.0.3)
      terser (~> 1.2.3)
    jekyll-sass-converter (3.1.0)
      sass-embedded (~> 1.75)
    jekyll-simple-icons (0.1.3)
      jekyll (>= 3.7, < 5.0)
    jekyll-sitemap (1.4.0)
      jekyll (>= 3.7, < 5.0)
    jekyll-timeago (1.1.0)
      mini_i18n (>= 0.8.0)
    jekyll-toc (0.19.0)
      jekyll (>= 3.9)
      nokogiri (~> 1.12)
    jekyll-watch (2.2.1)
      listen (~> 3.0)
    json (2.18.0)
    json-minify (0.0.3)
      json (> 0)
    kramdown (2.5.1)
      rexml (>= 3.3.9)
    kramdown-parser-gfm (1.1.0)
      kramdown (~> 2.0)
    liquid (4.0.4)
    listen (3.9.0)
      rb-fsevent (~> 0.10, >= 0.10.3)
      rb-inotify (~> 0.9, >= 0.9.10)
    logger (1.7.0)
    logutils (0.6.1)
    mercenary (0.4.0)
    metrics (0.15.0)
    mini_i18n (1.1.0)
    mini_mime (1.1.5)
    mini_portile2 (2.8.9)
    minitest (6.0.1)
      prism (~> 1.5)
    multi_xml (0.7.1)
      bigdecimal (~> 3.1)
    net-http (0.9.1)
      uri (>= 0.11.1)
    nokogiri (1.17.2)
      mini_portile2 (~> 2.8.2)
      racc (~> 1.4)
    octokit (4.25.1)
      faraday (>= 1, < 3)
      sawyer (~> 0.9)
    ostruct (0.6.3)
    pathutil (0.16.2)
      forwardable-extended (~> 2.6)
    pdf-reader (2.15.1)
      Ascii85 (>= 1.0, < 3.0, != 2.0.0)
      afm (>= 0.2.1, < 2)
      hashery (~> 2.0)
      ruby-rc4
      ttfunk
    prism (1.8.0)
    process_executer (4.0.2)
      track_open_instances (~> 0.1)
    progressbar (1.13.0)
    props (1.2.0)
      iniparser (>= 0.1.0)
    public_suffix (7.0.2)
    racc (1.8.1)
    rainbow (3.1.1)
    rake (13.3.1)
    rb-fsevent (0.11.2)
    rb-inotify (0.11.1)
      ffi (~> 1.0)
    rchardet (1.10.0)
    rexml (3.4.4)
    rouge (4.6.0)
    rss (0.3.2)
      rexml
    ruby-rc4 (0.1.5)
    rubyzip (2.4.1)
    safe_yaml (1.0.5)
    sass-embedded (1.92.0)
      google-protobuf (~> 4.31)
      rake (>= 13)
    sawyer (0.9.2)
      addressable (>= 2.3.5)
      faraday (>= 0.17.3, < 3)
    securerandom (0.4.1)
    terminal-table (3.0.2)
      unicode-display_width (>= 1.1.1, < 3)
    terser (1.2.6)
      execjs (>= 0.3.0, < 3)
    textutils (1.4.0)
      activesupport
      logutils (>= 0.6.1)
      props (>= 1.1.2)
      rubyzip (>= 1.0.0)
    traces (0.18.2)
    track_open_instances (0.1.15)
    ttfunk (1.8.0)
      bigdecimal (~> 3.1)
    typhoeus (1.4.1)
      ethon (>= 0.9.0)
    tzinfo (2.0.6)
      concurrent-ruby (~> 1.0)
    unicode-display_width (2.6.0)
    uri (1.1.1)
    verbal_expressions (0.1.5)
    webrick (1.9.2)
    yell (2.2.2)
    zeitwerk (2.7.4)

PLATFORMS
  ruby

DEPENDENCIES
  digest (~> 3.2)
  faraday-retry
  feedparser (~> 2.2)
  git
  html-proofer
  icalendar (~> 2.12)
  jekyll (= 4.4.1)
  jekyll-ai-related
  jekyll-algolia
  jekyll-archives
  jekyll-environment-variables
  jekyll-feed
  jekyll-gist
  jekyll-listme
  jekyll-mermaid
  jekyll-minifier
  jekyll-simple-icons
  jekyll-sitemap
  jekyll-timeago
  jekyll-toc
  nokogiri (>= 1.16.5, < 1.18)
  rake
  rss (~> 0.3.2)
  webrick

CHECKSUMS
  Ascii85 (2.0.1) sha256=15cb5d941808543cbb9e7e6aea3c8ec3877f154c3461e8b3673e97f7ecedbe5a
  activesupport (8.1.2) sha256=88842578ccd0d40f658289b0e8c842acfe9af751afee2e0744a7873f50b6fdae
  addressable (2.8.8) sha256=7c13b8f9536cf6364c03b9d417c19986019e28f7c00ac8132da4eb0fe393b057
  afm (1.0.0) sha256=5bd4d6f6241e7014ef090985ec6f4c3e9745f6de0828ddd58bc1efdd138f4545
  algolia_html_extractor (2.6.4) sha256=b284a396ea95852e1fcf68b248db178c2d1e2e4d426b49b728596961266f9121
  algoliasearch (1.27.5) sha256=26c1cddf3c2ec4bd60c148389e42702c98fdac862881dc6b07a4c0b89ffec853
  async (2.35.1) sha256=5232b76ed07db1b071eab1dc9e61a7db617034f37c42a5f4b59b3c5068b14145
  base64 (0.3.0) sha256=27337aeabad6ffae05c265c450490628ef3ebd4b67be58257393227588f5a97b
  benchmark (0.5.0) sha256=465df122341aedcb81a2a24b4d3bd19b6c67c1530713fd533f3ff034e419236c
  bigdecimal (3.3.1) sha256=eaa01e228be54c4f9f53bf3cc34fe3d5e845c31963e7fcc5bedb05a4e7d52218
  colorator (1.1.0) sha256=e2f85daf57af47d740db2a32191d1bdfb0f6503a0dfbc8327d0c9154d5ddfc38
  concurrent-ruby (1.3.6) sha256=6b56837e1e7e5292f9864f34b69c5a2cbc75c0cf5338f1ce9903d10fa762d5ab
  connection_pool (3.0.2) sha256=33fff5ba71a12d2aa26cb72b1db8bba2a1a01823559fb01d29eb74c286e62e0a
  console (1.34.2) sha256=1c036abf606ccec83f9dc28f0c31710fe5936ffe7ba5d235ae2865590a482d58
  cssminify2 (2.1.0) sha256=406a0b95fdaab60132c6f1fbb47b4a30f9572d2ef523f806fb94a530d78c2bb1
  csv (3.3.5) sha256=6e5134ac3383ef728b7f02725d9872934f523cb40b961479f69cf3afa6c8e73f
  digest (3.2.1) sha256=ab3312b4e272d7d5dc41c564c86a25861a1f34ac5153374199a0b74861395947
  drb (2.2.3) sha256=0b00d6fdb50995fe4a45dea13663493c841112e4068656854646f418fda13373
  em-websocket (0.5.3) sha256=f56a92bde4e6cb879256d58ee31f124181f68f8887bd14d53d5d9a292758c6a8
  ethon (0.18.0) sha256=b598afc9f30448cb068b850714b7d6948e941476095d04f90a4ac65b8d6efcb2
  eventmachine (1.2.7) sha256=994016e42aa041477ba9cff45cbe50de2047f25dd418eba003e84f0d16560972
  execjs (2.10.0) sha256=6bcb8be8f0052ff9d370b65d1c080f2406656e150452a0abdb185a133048450d
  faraday (2.14.0) sha256=8699cfe5d97e55268f2596f9a9d5a43736808a943714e3d9a53e6110593941cd
  faraday-net_http (3.4.2) sha256=f147758260d3526939bf57ecf911682f94926a3666502e24c69992765875906c
  faraday-retry (2.4.0) sha256=7b79c48fb7e56526faf247b12d94a680071ff40c9fda7cf1ec1549439ad11ebe
  feedparser (2.2.1) sha256=0f11799e7e4604a8014b52e8a239438bde9cdb3ebdb919cab9bf8b4aa84c69e0
  ffi (1.17.3) sha256=0e9f39f7bb3934f77ad6feab49662be77e87eedcdeb2a3f5c0234c2938563d4c
  fiber-annotation (0.2.0) sha256=7abfadf1d119f508867d4103bf231c0354d019cc39a5738945dec2edadaf6c03
  fiber-local (1.1.0) sha256=c885f94f210fb9b05737de65d511136ea602e00c5105953748aa0f8793489f06
  fiber-storage (1.0.1) sha256=f48e5b6d8b0be96dac486332b55cee82240057065dc761c1ea692b2e719240e1
  filesize (0.2.0) sha256=0f5db8629d628b60857dd8e7b8d52f427e6b7b9dc49265bfda71c0d383cbe79e
  forwardable-extended (2.6.0) sha256=1bec948c469bbddfadeb3bd90eb8c85f6e627a412a3e852acfd7eaedbac3ec97
  git (4.3.0) sha256=5e8200521400d6695e6c0e20e0741a0a8e43a18e2fed2188ee12d958ad06d243
  google-protobuf (4.32.0) sha256=e64bdc0280e9bb9233fa3f62b72a5c4d1522679c5cb4485b0fec726d0b6b96ab
  hashery (2.1.2) sha256=d239cc2310401903f6b79d458c2bbef5bf74c46f3f974ae9c1061fb74a404862
  html-proofer (5.2.0) sha256=9d137cc437628b4dfc1191a9f80c5329dfb0a66b895aef021bf10758d80ec69d
  htmlcompressor (0.4.0) sha256=4630cf8ed46b563f0b49cc6028a3fe8c17a9067f2becd7c3a2aa5aaacefb1f9e
  http_parser.rb (0.8.0) sha256=5a0932f1fa82ce08a8516a2685d5a86031c000560f89946913c555a0697544be
  httparty (0.22.0) sha256=78652a5c9471cf0093d3b2083c2295c9c8f12b44c65112f1846af2b71430fa6c
  httpclient (2.8.3) sha256=2951e4991214464c3e92107e46438527d23048e634f3aee91c719e0bdfaebda6
  i18n (1.14.8) sha256=285778639134865c5e0f6269e0b818256017e8cde89993fdfcbfb64d088824a5
  icalendar (2.12.1) sha256=ecff56c550aed551f29ad1faad0da54bf62362dfaf22a428bd7ad782938fe764
  ice_cube (0.17.0) sha256=32deb45dda4b4acc53505c2f581f6d32b5afc04d29b9004769944a0df5a5fcbe
  iniparser (1.0.1) sha256=41b86074498e9d40adb998f81e18d6a57c1a4da0e1fb2e90c5fc38efef07ebcb
  io-event (1.11.2) sha256=4a640ac7d86d9f5fc0d4f47dd83eff82e9fe5818b0d910596b058ca1b34b96b9
  jekyll (4.4.1) sha256=4c1144d857a5b2b80d45b8cf5138289579a9f8136aadfa6dd684b31fe2bc18c1
  jekyll-ai-related (0.2.0) sha256=b547353cbc9246a314da9ed90c55970c68baefcd90722afd0bb1f8c12cd1ba95
  jekyll-algolia (1.7.1) sha256=0f1501d2ec1d6550261c34f4ff4d46c72b1352823c4c5b8c67632bc92719fb49
  jekyll-archives (2.3.0) sha256=2dbd8ce22212fbace81fe2c9aa4152a6e21c748bcc626f135af5acfd813375f6
  jekyll-environment-variables (1.0.1) sha256=4f1e287d4e659d04e0f328d6d14ded3d719ad625bd805f96f2379a5a2c7e01c3
  jekyll-feed (0.17.0) sha256=689aab16c877949bb9e7a5c436de6278318a51ecb974792232fd94d8b3acfcc3
  jekyll-gist (1.5.0) sha256=495b6483552a3e2975a2752964ea7acddd545bc6e13ce2be15a50cec8d4c9f0f
  jekyll-listme (0.4.1) sha256=8a5c4e3b6d447639b796cf66843357f88204463e51adfa602ad3eb1db7f1189d
  jekyll-mermaid (1.0.0) sha256=1d09b876132cf486ab4b2e6b246593bba24c9c23e0b38172cdad8df4cdb35b05
  jekyll-minifier (0.2.2) sha256=f0a182b98b369492b9d93f1dd064223cf04a10ba31c49e1535f28fe35764ee19
  jekyll-sass-converter (3.1.0) sha256=83925d84f1d134410c11d0c6643b0093e82e3a3cf127e90757a85294a3862443
  jekyll-simple-icons (0.1.3) sha256=d07532449ac7ea32504eb4dc09bbb47f1538ec22f9b48f0b2f6657162a76ca04
  jekyll-sitemap (1.4.0) sha256=0de08c5debc185ea5a8f980e1025c7cd3f8e0c35c8b6ef592f15c46235cf4218
  jekyll-timeago (1.1.0) sha256=4bf1c5f4ed92a364ba7d328462189e9caf3de46d6767ce905d7a811abf2ddd8a
  jekyll-toc (0.19.0) sha256=8a8270f7e8e3d849e2035710b1713d0af5e2185a4bfaca70f9192ecf5ac50668
  jekyll-watch (2.2.1) sha256=bc44ed43f5e0a552836245a54dbff3ea7421ecc2856707e8a1ee203a8387a7e1
  json (2.18.0) sha256=b10506aee4183f5cf49e0efc48073d7b75843ce3782c68dbeb763351c08fd505
  json-minify (0.0.3) sha256=fd38ef93867332c2340aaf1b57335782ab5958fe6fb3ca7a8aba1469f0bf08ae
  kramdown (2.5.1) sha256=87bbb6abd9d3cebe4fc1f33e367c392b4500e6f8fa19dd61c0972cf4afe7368c
  kramdown-parser-gfm (1.1.0) sha256=fb39745516427d2988543bf01fc4cf0ab1149476382393e0e9c48592f6581729
  liquid (4.0.4) sha256=4fcfebb1a045e47918388dbb7a0925e7c3893e58d2bd6c3b3c73ec17a2d8fdb3
  listen (3.9.0) sha256=db9e4424e0e5834480385197c139cb6b0ae0ef28cc13310cfd1ca78377d59c67
  logger (1.7.0) sha256=196edec7cc44b66cfb40f9755ce11b392f21f7967696af15d274dde7edff0203
  logutils (0.6.1) sha256=a36dceaaa8adf0de1a78778cf0c24c4ae26d7f424275ca0ed9e78309bef229a3
  mercenary (0.4.0) sha256=b25a1e4a59adca88665e08e24acf0af30da5b5d859f7d8f38fba52c28f405138
  metrics (0.15.0) sha256=61ded5bac95118e995b1bc9ed4a5f19bc9814928a312a85b200abbdac9039072
  mini_i18n (1.1.0) sha256=0f8c45ed83de2c1a4f16f35b58474c886987ee02490b145c7c529193441f128e
  mini_mime (1.1.5) sha256=8681b7e2e4215f2a159f9400b5816d85e9d8c6c6b491e96a12797e798f8bccef
  mini_portile2 (2.8.9) sha256=0cd7c7f824e010c072e33f68bc02d85a00aeb6fce05bb4819c03dfd3c140c289
  minitest (6.0.1) sha256=7854c74f48e2e975969062833adc4013f249a4b212f5e7b9d5c040bf838d54bb
  multi_xml (0.7.1) sha256=4fce100c68af588ff91b8ba90a0bb3f0466f06c909f21a32f4962059140ba61b
  net-http (0.9.1) sha256=25ba0b67c63e89df626ed8fac771d0ad24ad151a858af2cc8e6a716ca4336996
  nokogiri (1.17.2) sha256=75825401f59b1a8746ee8ce5d066c8f11e745642e36a4452e206730b03d1fd8c
  octokit (4.25.1) sha256=c02092ee82dcdfe84db0e0ea630a70d32becc54245a4f0bacfd21c010df09b96
  ostruct (0.6.3) sha256=95a2ed4a4bd1d190784e666b47b2d3f078e4a9efda2fccf18f84ddc6538ed912
  pathutil (0.16.2) sha256=e43b74365631cab4f6d5e4228f812927efc9cb2c71e62976edcb252ee948d589
  pdf-reader (2.15.1) sha256=18c6a986a84a3117fa49f4279fc2de51f5d2399b71833df5d2bccd595c7068ce
  prism (1.8.0) sha256=84453a16ef5530ea62c5f03ec16b52a459575ad4e7b9c2b360fd8ce2c39c1254
  process_executer (4.0.2) sha256=c73eb646d450044241c973a8360f6326e33ec5ad933f7acf503f6f3579873a71
  progressbar (1.13.0) sha256=18c921d1c527dbe7eba3c5a07a1e3bcdd5e42fc18276f5711187a7489448be78
  props (1.2.0) sha256=e8910f3a597f0cc6ad0be9645d218b13d4cea82f111568716cfe3a882bbf4c23
  public_suffix (7.0.2) sha256=9114090c8e4e7135c1fd0e7acfea33afaab38101884320c65aaa0ffb8e26a857
  racc (1.8.1) sha256=4a7f6929691dbec8b5209a0b373bc2614882b55fc5d2e447a21aaa691303d62f
  rainbow (3.1.1) sha256=039491aa3a89f42efa1d6dec2fc4e62ede96eb6acd95e52f1ad581182b79bc6a
  rake (13.3.1) sha256=8c9e89d09f66a26a01264e7e3480ec0607f0c497a861ef16063604b1b08eb19c
  rb-fsevent (0.11.2) sha256=43900b972e7301d6570f64b850a5aa67833ee7d87b458ee92805d56b7318aefe
  rb-inotify (0.11.1) sha256=a0a700441239b0ff18eb65e3866236cd78613d6b9f78fea1f9ac47a85e47be6e
  rchardet (1.10.0) sha256=d5ea2ed61a720a220f1914778208e718a0c7ed2a484b6d357ba695aa7001390f
  rexml (3.4.4) sha256=19e0a2c3425dfbf2d4fc1189747bdb2f849b6c5e74180401b15734bc97b5d142
  rouge (4.6.0) sha256=10198622df0ef919796da5686a9cc116a49280805e1ed4b851c97ef677eddd7a
  rss (0.3.2) sha256=3bd0446d32d832cda00ba07f4b179401f903b52ea1fdaac0f1f08de61a501efa
  ruby-rc4 (0.1.5) sha256=00cc40a39d20b53f5459e7ea006a92cf584e9bc275e2a6f7aa1515510e896c03
  rubyzip (2.4.1) sha256=8577c88edc1fde8935eb91064c5cb1aef9ad5494b940cf19c775ee833e075615
  safe_yaml (1.0.5) sha256=a6ac2d64b7eb027bdeeca1851fe7e7af0d668e133e8a88066a0c6f7087d9f848
  sass-embedded (1.92.0) sha256=eacd36ab577016d3a7f26f0537625199afb36eed99645dde1a0b3be188c30b2e
  sawyer (0.9.2) sha256=fa3a72d62a4525517b18857ddb78926aab3424de0129be6772a8e2ba240e7aca
  securerandom (0.4.1) sha256=cc5193d414a4341b6e225f0cb4446aceca8e50d5e1888743fac16987638ea0b1
  terminal-table (3.0.2) sha256=f951b6af5f3e00203fb290a669e0a85c5dd5b051b3b023392ccfd67ba5abae91
  terser (1.2.6) sha256=6ddf00b93df7015b07e2b9b149e74cd70fa7aa4f0f89a15d9922a6ebd13f37ab
  textutils (1.4.0) sha256=3d91715377accc9d5bfef2b98c6bf135004185bd63049192c4d8fa00a91b1425
  traces (0.18.2) sha256=80f1649cb4daace1d7174b81f3b3b7427af0b93047759ba349960cb8f315e214
  track_open_instances (0.1.15) sha256=7f0e48821e6b4c881daaa40fb1583e308937c22a9c84883c150b399c3b5c3029
  ttfunk (1.8.0) sha256=a7cbc7e489cc46e979dde04d34b5b9e4f5c8f1ee5fc6b1a7be39b829919d20ca
  typhoeus (1.4.1) sha256=1c17db8364bd45ab302dc61e460173c3e69835896be88a3df07c206d5c55ef7c
  tzinfo (2.0.6) sha256=8daf828cc77bcf7d63b0e3bdb6caa47e2272dcfaf4fbfe46f8c3a9df087a829b
  unicode-display_width (2.6.0) sha256=12279874bba6d5e4d2728cef814b19197dbb10d7a7837a869bab65da943b7f5a
  uri (1.1.1) sha256=379fa58d27ffb1387eaada68c749d1426738bd0f654d812fcc07e7568f5c57c6
  verbal_expressions (0.1.5) sha256=f67774ce6e23a192bd304cadaeba2b01b78bc77e3bde07b4dcd1f53418794f1b
  webrick (1.9.2) sha256=beb4a15fc474defed24a3bda4ffd88a490d517c9e4e6118c3edce59e45864131
  yell (2.2.2) sha256=1d166f3cc3b6dc49a59778ea7156ed6d8de794c15106d48ffd6cbb061b9b26bc
  zeitwerk (2.7.4) sha256=2bef90f356bdafe9a6c2bd32bcd804f83a4f9b8bc27f3600fff051eb3edcec8b

BUNDLED WITH
   2.6.3
